github.com/gregoryv/asserter v0.1.0 h1:p+0pvUOuUCn/rVy7YxafoxfXnYPfVptbExJOrWQy9sc=
github.com/gregoryv/asserter v0.1.0/go.mod h1:iLD46IKZjjleTkmDikemRaDZQldDrq8uwTnygV/hC/M=
github.com/gregoryv/find v0.0.0-20180328085109-1bbc2d70c482/go.mod h1:/xxQlO62bzxhyabf2iKJzGJa+VAJy25spLI/6ICTrxU=
github.com/gregoryv/gocyclo v0.0.0-20180305144948-0be7902fabdc h1:chhF7lRELMFmxWl3AWbZ2UT1xQtN9nqFGyhL3jwGWDs=
github.com/gregoryv/gocyclo v0.0.0-20180305144948-0be7902fabdc/go.mod h1:x/QA8cT1gfn/XriQ/CVNX7I8IM4Z2YJAAEWFym2clZI=
github.com/gregoryv/qual v0.3.1 h1:RUdYxRhxkkZSHU0eTH7nTzYgxG7NxEYsMyN6Gnj/qus=
github.com/gregoryv/qual v0.3.1/go.mod h1:dB0ZUMaE5qieQ975kKI7A4CDfg6wgcsPcSlY1SWuq9Y=
github.com/gregoryv/workdir v0.0.0-20190524051641-db46049e1883 h1:3i9QNadAnd3rVQ7lfuVWp85p7TpcrJkC8XYKX51xG6U=
github.com/gregoryv/workdir v0.0.0-20190524051641-db46049e1883/go.mod h1:uGU8iw7NFCagFYzEjp+ikk2mQriHDU3Px/roTKxfC6E=
golang.org/x/crypto v0.0.0-20190308221718-c2843e01d9a2/go.mod h1:djNgcEr1/C05ACkg1iLfiJU5Ep61QUkGW8qpdssI0+w=
golang.org/x/net v0.0.0-20190522155817-f3200d17e092 h1:4QSRKanuywn15aTZvI/mIDEgPQpswuFndXpOj3rKEco=
golang.org/x/net v0.0.0-20190522155817-f3200d17e092/go.mod h1:HSz+uSET+XFnRR8LxR5pz3Of3rY3CfYBVs4xY44aLks=
golang.org/x/sys v0.0.0-20190215142949-d0b11bdaac8a/go.mod h1:STP8DvDyc/dI5b8T5hshtkjS+E42TnysNCUPdjciGhY=
golang.org/x/text v0.3.0/go.mod h1:NqM8EUOU14njkJ3fqMW+pc6Ldnwhi/IjpwHt7yyuwOQ=
